// !$*UTF8*$!
{
	archiveVersion = 1;
	classes = {
	};
	objectVersion = 50;
	objects = {

/* Begin PBXBuildFile section */
		5D85BC1D245123B60068F632 /* AppDelegate.swift in Sources */ = {isa = PBXBuildFile; fileRef = 5D85BC1C245123B60068F632 /* AppDelegate.swift */; };
		5D85BC1F245123B60068F632 /* SceneDelegate.swift in Sources */ = {isa = PBXBuildFile; fileRef = 5D85BC1E245123B60068F632 /* SceneDelegate.swift */; };
		5D85BC21245123B60068F632 /* ViewController.swift in Sources */ = {isa = PBXBuildFile; fileRef = 5D85BC20245123B60068F632 /* ViewController.swift */; };
		5D85BC24245123B60068F632 /* Main.storyboard in Resources */ = {isa = PBXBuildFile; fileRef = 5D85BC22245123B60068F632 /* Main.storyboard */; };
		5D85BC26245123B70068F632 /* Assets.xcassets in Resources */ = {isa = PBXBuildFile; fileRef = 5D85BC25245123B70068F632 /* Assets.xcassets */; };
		5D85BC29245123B70068F632 /* LaunchScreen.storyboard in Resources */ = {isa = PBXBuildFile; fileRef = 5D85BC27245123B70068F632 /* LaunchScreen.storyboard */; };
		5D85BC34245123B70068F632 /* ItemListTests.swift in Sources */ = {isa = PBXBuildFile; fileRef = 5D85BC33245123B70068F632 /* ItemListTests.swift */; };
		5D85BC3F245123B70068F632 /* ItemListUITests.swift in Sources */ = {isa = PBXBuildFile; fileRef = 5D85BC3E245123B70068F632 /* ItemListUITests.swift */; };
		5D85BC4E2451242F0068F632 /* Item.swift in Sources */ = {isa = PBXBuildFile; fileRef = 5D85BC4D2451242F0068F632 /* Item.swift */; };
		5D85BC53245147030068F632 /* Car.swift in Sources */ = {isa = PBXBuildFile; fileRef = 5D85BC52245147030068F632 /* Car.swift */; };
		5D85BC552451470D0068F632 /* Phone.swift in Sources */ = {isa = PBXBuildFile; fileRef = 5D85BC542451470D0068F632 /* Phone.swift */; };
		5D85BC57245147140068F632 /* Book.swift in Sources */ = {isa = PBXBuildFile; fileRef = 5D85BC56245147140068F632 /* Book.swift */; };
		5D85BC592451484F0068F632 /* MockItemResponse.json in Resources */ = {isa = PBXBuildFile; fileRef = 5D85BC582451484F0068F632 /* MockItemResponse.json */; };
		5D85BC51245139190068F632 /* ItemCell.swift in Sources */ = {isa = PBXBuildFile; fileRef = 5D85BC50245139190068F632 /* ItemCell.swift */; };
/* End PBXBuildFile section */

/* Begin PBXContainerItemProxy section */
		5D85BC30245123B70068F632 /* PBXContainerItemProxy */ = {
			isa = PBXContainerItemProxy;
			containerPortal = 5D85BC11245123B60068F632 /* Project object */;
			proxyType = 1;
			remoteGlobalIDString = 5D85BC18245123B60068F632;
			remoteInfo = ItemList;
		};
		5D85BC3B245123B70068F632 /* PBXContainerItemProxy */ = {
			isa = PBXContainerItemProxy;
			containerPortal = 5D85BC11245123B60068F632 /* Project object */;
			proxyType = 1;
			remoteGlobalIDString = 5D85BC18245123B60068F632;
			remoteInfo = ItemList;
		};
/* End PBXContainerItemProxy section */

/* Begin PBXFileReference section */
		5D85BC19245123B60068F632 /* ItemList.app */ = {isa = PBXFileReference; explicitFileType = wrapper.application; includeInIndex = 0; path = ItemList.app; sourceTree = BUILT_PRODUCTS_DIR; };
		5D85BC1C245123B60068F632 /* AppDelegate.swift */ = {isa = PBXFileReference; lastKnownFileType = sourcecode.swift; path = AppDelegate.swift; sourceTree = "<group>"; };
		5D85BC1E245123B60068F632 /* SceneDelegate.swift */ = {isa = PBXFileReference; lastKnownFileType = sourcecode.swift; path = SceneDelegate.swift; sourceTree = "<group>"; };
		5D85BC20245123B60068F632 /* ViewController.swift */ = {isa = PBXFileReference; lastKnownFileType = sourcecode.swift; path = ViewController.swift; sourceTree = "<group>"; };
		5D85BC23245123B60068F632 /* Base */ = {isa = PBXFileReference; lastKnownFileType = file.storyboard; name = Base; path = Base.lproj/Main.storyboard; sourceTree = "<group>"; };
		5D85BC25245123B70068F632 /* Assets.xcassets */ = {isa = PBXFileReference; lastKnownFileType = folder.assetcatalog; path = Assets.xcassets; sourceTree = "<group>"; };
		5D85BC28245123B70068F632 /* Base */ = {isa = PBXFileReference; lastKnownFileType = file.storyboard; name = Base; path = Base.lproj/LaunchScreen.storyboard; sourceTree = "<group>"; };
		5D85BC2A245123B70068F632 /* Info.plist */ = {isa = PBXFileReference; lastKnownFileType = text.plist.xml; path = Info.plist; sourceTree = "<group>"; };
		5D85BC2F245123B70068F632 /* ItemListTests.xctest */ = {isa = PBXFileReference; explicitFileType = wrapper.cfbundle; includeInIndex = 0; path = ItemListTests.xctest; sourceTree = BUILT_PRODUCTS_DIR; };
		5D85BC33245123B70068F632 /* ItemListTests.swift */ = {isa = PBXFileReference; lastKnownFileType = sourcecode.swift; path = ItemListTests.swift; sourceTree = "<group>"; };
		5D85BC35245123B70068F632 /* Info.plist */ = {isa = PBXFileReference; lastKnownFileType = text.plist.xml; path = Info.plist; sourceTree = "<group>"; };
		5D85BC3A245123B70068F632 /* ItemListUITests.xctest */ = {isa = PBXFileReference; explicitFileType = wrapper.cfbundle; includeInIndex = 0; path = ItemListUITests.xctest; sourceTree = BUILT_PRODUCTS_DIR; };
		5D85BC3E245123B70068F632 /* ItemListUITests.swift */ = {isa = PBXFileReference; lastKnownFileType = sourcecode.swift; path = ItemListUITests.swift; sourceTree = "<group>"; };
		5D85BC40245123B70068F632 /* Info.plist */ = {isa = PBXFileReference; lastKnownFileType = text.plist.xml; path = Info.plist; sourceTree = "<group>"; };
		5D85BC4D2451242F0068F632 /* Item.swift */ = {isa = PBXFileReference; lastKnownFileType = sourcecode.swift; path = Item.swift; sourceTree = "<group>"; };
		5D85BC52245147030068F632 /* Car.swift */ = {isa = PBXFileReference; lastKnownFileType = sourcecode.swift; path = Car.swift; sourceTree = "<group>"; };
		5D85BC542451470D0068F632 /* Phone.swift */ = {isa = PBXFileReference; lastKnownFileType = sourcecode.swift; path = Phone.swift; sourceTree = "<group>"; };
		5D85BC56245147140068F632 /* Book.swift */ = {isa = PBXFileReference; lastKnownFileType = sourcecode.swift; path = Book.swift; sourceTree = "<group>"; };
		5D85BC582451484F0068F632 /* MockItemResponse.json */ = {isa = PBXFileReference; fileEncoding = 4; lastKnownFileType = text.json; path = MockItemResponse.json; sourceTree = "<group>"; };
		5D85BC50245139190068F632 /* ItemCell.swift */ = {isa = PBXFileReference; lastKnownFileType = sourcecode.swift; path = ItemCell.swift; sourceTree = "<group>"; };
/* End PBXFileReference section */

/* Begin PBXFrameworksBuildPhase section */
		5D85BC16245123B60068F632 /* Frameworks */ = {
			isa = PBXFrameworksBuildPhase;
			buildActionMask = 2147483647;
			files = (
			);
			runOnlyForDeploymentPostprocessing = 0;
		};
		5D85BC2C245123B70068F632 /* Frameworks */ = {
			isa = PBXFrameworksBuildPhase;
			buildActionMask = 2147483647;
			files = (
			);
			runOnlyForDeploymentPostprocessing = 0;
		};
		5D85BC37245123B70068F632 /* Frameworks */ = {
			isa = PBXFrameworksBuildPhase;
			buildActionMask = 2147483647;
			files = (
			);
			runOnlyForDeploymentPostprocessing = 0;
		};
/* End PBXFrameworksBuildPhase section */

/* Begin PBXGroup section */
		5D85BC10245123B60068F632 = {
			isa = PBXGroup;
			children = (
				5D85BC1B245123B60068F632 /* ItemList */,
				5D85BC32245123B70068F632 /* ItemListTests */,
				5D85BC3D245123B70068F632 /* ItemListUITests */,
				5D85BC1A245123B60068F632 /* Products */,
			);
			sourceTree = "<group>";
		};
		5D85BC1A245123B60068F632 /* Products */ = {
			isa = PBXGroup;
			children = (
				5D85BC19245123B60068F632 /* ItemList.app */,
				5D85BC2F245123B70068F632 /* ItemListTests.xctest */,
				5D85BC3A245123B70068F632 /* ItemListUITests.xctest */,
			);
			name = Products;
			sourceTree = "<group>";
		};
		5D85BC1B245123B60068F632 /* ItemList */ = {
			isa = PBXGroup;
			children = (
				5D85BC1C245123B60068F632 /* AppDelegate.swift */,
				5D85BC1E245123B60068F632 /* SceneDelegate.swift */,
				5D85BC20245123B60068F632 /* ViewController.swift */,
				5D85BC4F245138D80068F632 /* Views */,
				5D85BC4C245124010068F632 /* Model */,
				5D85BC22245123B60068F632 /* Main.storyboard */,
				5D85BC25245123B70068F632 /* Assets.xcassets */,
				5D85BC27245123B70068F632 /* LaunchScreen.storyboard */,
				5D85BC2A245123B70068F632 /* Info.plist */,
			);
			path = ItemList;
			sourceTree = "<group>";
		};
		5D85BC32245123B70068F632 /* ItemListTests */ = {
			isa = PBXGroup;
			children = (
				5D85BC33245123B70068F632 /* ItemListTests.swift */,
				5D85BC35245123B70068F632 /* Info.plist */,
			);
			path = ItemListTests;
			sourceTree = "<group>";
		};
		5D85BC3D245123B70068F632 /* ItemListUITests */ = {
			isa = PBXGroup;
			children = (
				5D85BC3E245123B70068F632 /* ItemListUITests.swift */,
				5D85BC40245123B70068F632 /* Info.plist */,
			);
			path = ItemListUITests;
			sourceTree = "<group>";
		};
		5D85BC4C245124010068F632 /* Model */ = {
			isa = PBXGroup;
			children = (
				5D85BC582451484F0068F632 /* MockItemResponse.json */,
				5D85BC4D2451242F0068F632 /* Item.swift */,
				5D85BC52245147030068F632 /* Car.swift */,
				5D85BC542451470D0068F632 /* Phone.swift */,
				5D85BC56245147140068F632 /* Book.swift */,
			);
			path = Model;
			sourceTree = "<group>";
		};
		5D85BC4F245138D80068F632 /* Views */ = {
			isa = PBXGroup;
			children = (
				5D85BC50245139190068F632 /* ItemCell.swift */,
			);
			path = Views;
			sourceTree = "<group>";
		};
/* End PBXGroup section */

/* Begin PBXNativeTarget section */
		5D85BC18245123B60068F632 /* ItemList */ = {
			isa = PBXNativeTarget;
			buildConfigurationList = 5D85BC43245123B70068F632 /* Build configuration list for PBXNativeTarget "ItemList" */;
			buildPhases = (
				5D85BC15245123B60068F632 /* Sources */,
				5D85BC16245123B60068F632 /* Frameworks */,
				5D85BC17245123B60068F632 /* Resources */,
			);
			buildRules = (
			);
			dependencies = (
			);
			name = ItemList;
			productName = ItemList;
			productReference = 5D85BC19245123B60068F632 /* ItemList.app */;
			productType = "com.apple.product-type.application";
		};
		5D85BC2E245123B70068F632 /* ItemListTests */ = {
			isa = PBXNativeTarget;
			buildConfigurationList = 5D85BC46245123B70068F632 /* Build configuration list for PBXNativeTarget "ItemListTests" */;
			buildPhases = (
				5D85BC2B245123B70068F632 /* Sources */,
				5D85BC2C245123B70068F632 /* Frameworks */,
				5D85BC2D245123B70068F632 /* Resources */,
			);
			buildRules = (
			);
			dependencies = (
				5D85BC31245123B70068F632 /* PBXTargetDependency */,
			);
			name = ItemListTests;
			productName = ItemListTests;
			productReference = 5D85BC2F245123B70068F632 /* ItemListTests.xctest */;
			productType = "com.apple.product-type.bundle.unit-test";
		};
		5D85BC39245123B70068F632 /* ItemListUITests */ = {
			isa = PBXNativeTarget;
			buildConfigurationList = 5D85BC49245123B70068F632 /* Build configuration list for PBXNativeTarget "ItemListUITests" */;
			buildPhases = (
				5D85BC36245123B70068F632 /* Sources */,
				5D85BC37245123B70068F632 /* Frameworks */,
				5D85BC38245123B70068F632 /* Resources */,
			);
			buildRules = (
			);
			dependencies = (
				5D85BC3C245123B70068F632 /* PBXTargetDependency */,
			);
			name = ItemListUITests;
			productName = ItemListUITests;
			productReference = 5D85BC3A245123B70068F632 /* ItemListUITests.xctest */;
			productType = "com.apple.product-type.bundle.ui-testing";
		};
/* End PBXNativeTarget section */

/* Begin PBXProject section */
		5D85BC11245123B60068F632 /* Project object */ = {
			isa = PBXProject;
			attributes = {
				LastSwiftUpdateCheck = 1130;
				LastUpgradeCheck = 1130;
				ORGANIZATIONNAME = "Agustin Mendoza Romo";
				TargetAttributes = {
					5D85BC18245123B60068F632 = {
						CreatedOnToolsVersion = 11.3.1;
					};
					5D85BC2E245123B70068F632 = {
						CreatedOnToolsVersion = 11.3.1;
						TestTargetID = 5D85BC18245123B60068F632;
					};
					5D85BC39245123B70068F632 = {
						CreatedOnToolsVersion = 11.3.1;
						TestTargetID = 5D85BC18245123B60068F632;
					};
				};
			};
			buildConfigurationList = 5D85BC14245123B60068F632 /* Build configuration list for PBXProject "ItemList" */;
			compatibilityVersion = "Xcode 9.3";
			developmentRegion = en;
			hasScannedForEncodings = 0;
			knownRegions = (
				en,
				Base,
			);
			mainGroup = 5D85BC10245123B60068F632;
			productRefGroup = 5D85BC1A245123B60068F632 /* Products */;
			projectDirPath = "";
			projectRoot = "";
			targets = (
				5D85BC18245123B60068F632 /* ItemList */,
				5D85BC2E245123B70068F632 /* ItemListTests */,
				5D85BC39245123B70068F632 /* ItemListUITests */,
			);
		};
/* End PBXProject section */

/* Begin PBXResourcesBuildPhase section */
		5D85BC17245123B60068F632 /* Resources */ = {
			isa = PBXResourcesBuildPhase;
			buildActionMask = 2147483647;
			files = (
				5D85BC29245123B70068F632 /* LaunchScreen.storyboard in Resources */,
				5D85BC592451484F0068F632 /* MockItemResponse.json in Resources */,
				5D85BC26245123B70068F632 /* Assets.xcassets in Resources */,
				5D85BC24245123B60068F632 /* Main.storyboard in Resources */,
			);
			runOnlyForDeploymentPostprocessing = 0;
		};
		5D85BC2D245123B70068F632 /* Resources */ = {
			isa = PBXResourcesBuildPhase;
			buildActionMask = 2147483647;
			files = (
			);
			runOnlyForDeploymentPostprocessing = 0;
		};
		5D85BC38245123B70068F632 /* Resources */ = {
			isa = PBXResourcesBuildPhase;
			buildActionMask = 2147483647;
			files = (
			);
			runOnlyForDeploymentPostprocessing = 0;
		};
/* End PBXResourcesBuildPhase section */

/* Begin PBXSourcesBuildPhase section */
		5D85BC15245123B60068F632 /* Sources */ = {
			isa = PBXSourcesBuildPhase;
			buildActionMask = 2147483647;
			files = (
				5D85BC4E2451242F0068F632 /* Item.swift in Sources */,
				5D85BC21245123B60068F632 /* ViewController.swift in Sources */,
				5D85BC57245147140068F632 /* Book.swift in Sources */,
				5D85BC53245147030068F632 /* Car.swift in Sources */,
				5D85BC1D245123B60068F632 /* AppDelegate.swift in Sources */,
				5D85BC552451470D0068F632 /* Phone.swift in Sources */,
				5D85BC1F245123B60068F632 /* SceneDelegate.swift in Sources */,
				5D85BC51245139190068F632 /* ItemCell.swift in Sources */,
			);
			runOnlyForDeploymentPostprocessing = 0;
		};
		5D85BC2B245123B70068F632 /* Sources */ = {
			isa = PBXSourcesBuildPhase;
			buildActionMask = 2147483647;
			files = (
				5D85BC34245123B70068F632 /* ItemListTests.swift in Sources */,
			);
			runOnlyForDeploymentPostprocessing = 0;
		};
		5D85BC36245123B70068F632 /* Sources */ = {
			isa = PBXSourcesBuildPhase;
			buildActionMask = 2147483647;
			files = (
				5D85BC3F245123B70068F632 /* ItemListUITests.swift in Sources */,
			);
			runOnlyForDeploymentPostprocessing = 0;
		};
/* End PBXSourcesBuildPhase section */

/* Begin PBXTargetDependency section */
		5D85BC31245123B70068F632 /* PBXTargetDependency */ = {
			isa = PBXTargetDependency;
			target = 5D85BC18245123B60068F632 /* ItemList */;
			targetProxy = 5D85BC30245123B70068F632 /* PBXContainerItemProxy */;
		};
		5D85BC3C245123B70068F632 /* PBXTargetDependency */ = {
			isa = PBXTargetDependency;
			target = 5D85BC18245123B60068F632 /* ItemList */;
			targetProxy = 5D85BC3B245123B70068F632 /* PBXContainerItemProxy */;
		};
/* End PBXTargetDependency section */

/* Begin PBXVariantGroup section */
		5D85BC22245123B60068F632 /* Main.storyboard */ = {
			isa = PBXVariantGroup;
			children = (
				5D85BC23245123B60068F632 /* Base */,
			);
			name = Main.storyboard;
			sourceTree = "<group>";
		};
		5D85BC27245123B70068F632 /* LaunchScreen.storyboard */ = {
			isa = PBXVariantGroup;
			children = (
				5D85BC28245123B70068F632 /* Base */,
			);
			name = LaunchScreen.storyboard;
			sourceTree = "<group>";
		};
/* End PBXVariantGroup section */

/* Begin XCBuildConfiguration section */
		5D85BC41245123B70068F632 /* Debug */ = {
			isa = XCBuildConfiguration;
			buildSettings = {
				ALWAYS_SEARCH_USER_PATHS = NO;
				CLANG_ANALYZER_NONNULL = YES;
				CLANG_ANALYZER_NUMBER_OBJECT_CONVERSION = YES_AGGRESSIVE;
				CLANG_CXX_LANGUAGE_STANDARD = "gnu++14";
				CLANG_CXX_LIBRARY = "libc++";
				CLANG_ENABLE_MODULES = YES;
				CLANG_ENABLE_OBJC_ARC = YES;
				CLANG_ENABLE_OBJC_WEAK = YES;
				CLANG_WARN_BLOCK_CAPTURE_AUTORELEASING = YES;
				CLANG_WARN_BOOL_CONVERSION = YES;
				CLANG_WARN_COMMA = YES;
				CLANG_WARN_CONSTANT_CONVERSION = YES;
				CLANG_WARN_DEPRECATED_OBJC_IMPLEMENTATIONS = YES;
				CLANG_WARN_DIRECT_OBJC_ISA_USAGE = YES_ERROR;
				CLANG_WARN_DOCUMENTATION_COMMENTS = YES;
				CLANG_WARN_EMPTY_BODY = YES;
				CLANG_WARN_ENUM_CONVERSION = YES;
				CLANG_WARN_INFINITE_RECURSION = YES;
				CLANG_WARN_INT_CONVERSION = YES;
				CLANG_WARN_NON_LITERAL_NULL_CONVERSION = YES;
				CLANG_WARN_OBJC_IMPLICIT_RETAIN_SELF = YES;
				CLANG_WARN_OBJC_LITERAL_CONVERSION = YES;
				CLANG_WARN_OBJC_ROOT_CLASS = YES_ERROR;
				CLANG_WARN_RANGE_LOOP_ANALYSIS = YES;
				CLANG_WARN_STRICT_PROTOTYPES = YES;
				CLANG_WARN_SUSPICIOUS_MOVE = YES;
				CLANG_WARN_UNGUARDED_AVAILABILITY = YES_AGGRESSIVE;
				CLANG_WARN_UNREACHABLE_CODE = YES;
				CLANG_WARN__DUPLICATE_METHOD_MATCH = YES;
				COPY_PHASE_STRIP = NO;
				DEBUG_INFORMATION_FORMAT = dwarf;
				ENABLE_STRICT_OBJC_MSGSEND = YES;
				ENABLE_TESTABILITY = YES;
				GCC_C_LANGUAGE_STANDARD = gnu11;
				GCC_DYNAMIC_NO_PIC = NO;
				GCC_NO_COMMON_BLOCKS = YES;
				GCC_OPTIMIZATION_LEVEL = 0;
				GCC_PREPROCESSOR_DEFINITIONS = (
					"DEBUG=1",
					"$(inherited)",
				);
				GCC_WARN_64_TO_32_BIT_CONVERSION = YES;
				GCC_WARN_ABOUT_RETURN_TYPE = YES_ERROR;
				GCC_WARN_UNDECLARED_SELECTOR = YES;
				GCC_WARN_UNINITIALIZED_AUTOS = YES_AGGRESSIVE;
				GCC_WARN_UNUSED_FUNCTION = YES;
				GCC_WARN_UNUSED_VARIABLE = YES;
				IPHONEOS_DEPLOYMENT_TARGET = 13.2;
				MTL_ENABLE_DEBUG_INFO = INCLUDE_SOURCE;
				MTL_FAST_MATH = YES;
				ONLY_ACTIVE_ARCH = YES;
				SDKROOT = iphoneos;
				SWIFT_ACTIVE_COMPILATION_CONDITIONS = DEBUG;
				SWIFT_OPTIMIZATION_LEVEL = "-Onone";
			};
			name = Debug;
		};
		5D85BC42245123B70068F632 /* Release */ = {
			isa = XCBuildConfiguration;
			buildSettings = {
				ALWAYS_SEARCH_USER_PATHS = NO;
				CLANG_ANALYZER_NONNULL = YES;
				CLANG_ANALYZER_NUMBER_OBJECT_CONVERSION = YES_AGGRESSIVE;
				CLANG_CXX_LANGUAGE_STANDARD = "gnu++14";
				CLANG_CXX_LIBRARY = "libc++";
				CLANG_ENABLE_MODULES = YES;
				CLANG_ENABLE_OBJC_ARC = YES;
				CLANG_ENABLE_OBJC_WEAK = YES;
				CLANG_WARN_BLOCK_CAPTURE_AUTORELEASING = YES;
				CLANG_WARN_BOOL_CONVERSION = YES;
				CLANG_WARN_COMMA = YES;
				CLANG_WARN_CONSTANT_CONVERSION = YES;
				CLANG_WARN_DEPRECATED_OBJC_IMPLEMENTATIONS = YES;
				CLANG_WARN_DIRECT_OBJC_ISA_USAGE = YES_ERROR;
				CLANG_WARN_DOCUMENTATION_COMMENTS = YES;
				CLANG_WARN_EMPTY_BODY = YES;
				CLANG_WARN_ENUM_CONVERSION = YES;
				CLANG_WARN_INFINITE_RECURSION = YES;
				CLANG_WARN_INT_CONVERSION = YES;
				CLANG_WARN_NON_LITERAL_NULL_CONVERSION = YES;
				CLANG_WARN_OBJC_IMPLICIT_RETAIN_SELF = YES;
				CLANG_WARN_OBJC_LITERAL_CONVERSION = YES;
				CLANG_WARN_OBJC_ROOT_CLASS = YES_ERROR;
				CLANG_WARN_RANGE_LOOP_ANALYSIS = YES;
				CLANG_WARN_STRICT_PROTOTYPES = YES;
				CLANG_WARN_SUSPICIOUS_MOVE = YES;
				CLANG_WARN_UNGUARDED_AVAILABILITY = YES_AGGRESSIVE;
				CLANG_WARN_UNREACHABLE_CODE = YES;
				CLANG_WARN__DUPLICATE_METHOD_MATCH = YES;
				COPY_PHASE_STRIP = NO;
				DEBUG_INFORMATION_FORMAT = "dwarf-with-dsym";
				ENABLE_NS_ASSERTIONS = NO;
				ENABLE_STRICT_OBJC_MSGSEND = YES;
				GCC_C_LANGUAGE_STANDARD = gnu11;
				GCC_NO_COMMON_BLOCKS = YES;
				GCC_WARN_64_TO_32_BIT_CONVERSION = YES;
				GCC_WARN_ABOUT_RETURN_TYPE = YES_ERROR;
				GCC_WARN_UNDECLARED_SELECTOR = YES;
				GCC_WARN_UNINITIALIZED_AUTOS = YES_AGGRESSIVE;
				GCC_WARN_UNUSED_FUNCTION = YES;
				GCC_WARN_UNUSED_VARIABLE = YES;
				IPHONEOS_DEPLOYMENT_TARGET = 13.2;
				MTL_ENABLE_DEBUG_INFO = NO;
				MTL_FAST_MATH = YES;
				SDKROOT = iphoneos;
				SWIFT_COMPILATION_MODE = wholemodule;
				SWIFT_OPTIMIZATION_LEVEL = "-O";
				VALIDATE_PRODUCT = YES;
			};
			name = Release;
		};
		5D85BC44245123B70068F632 /* Debug */ = {
			isa = XCBuildConfiguration;
			buildSettings = {
				ASSETCATALOG_COMPILER_APPICON_NAME = AppIcon;
				CODE_SIGN_STYLE = Automatic;
				DEVELOPMENT_TEAM = G7D662VW43;
				INFOPLIST_FILE = ItemList/Info.plist;
				LD_RUNPATH_SEARCH_PATHS = (
					"$(inherited)",
					"@executable_path/Frameworks",
				);
				PRODUCT_BUNDLE_IDENTIFIER = agustinoromo.ItemList;
				PRODUCT_NAME = "$(TARGET_NAME)";
				SWIFT_VERSION = 5.0;
				TARGETED_DEVICE_FAMILY = "1,2";
			};
			name = Debug;
		};
		5D85BC45245123B70068F632 /* Release */ = {
			isa = XCBuildConfiguration;
			buildSettings = {
				ASSETCATALOG_COMPILER_APPICON_NAME = AppIcon;
				CODE_SIGN_STYLE = Automatic;
				DEVELOPMENT_TEAM = G7D662VW43;
				INFOPLIST_FILE = ItemList/Info.plist;
				LD_RUNPATH_SEARCH_PATHS = (
					"$(inherited)",
					"@executable_path/Frameworks",
				);
				PRODUCT_BUNDLE_IDENTIFIER = agustinoromo.ItemList;
				PRODUCT_NAME = "$(TARGET_NAME)";
				SWIFT_VERSION = 5.0;
				TARGETED_DEVICE_FAMILY = "1,2";
			};
			name = Release;
		};
		5D85BC47245123B70068F632 /* Debug */ = {
			isa = XCBuildConfiguration;
			buildSettings = {
				ALWAYS_EMBED_SWIFT_STANDARD_LIBRARIES = YES;
				BUNDLE_LOADER = "$(TEST_HOST)";
				CODE_SIGN_STYLE = Automatic;
				DEVELOPMENT_TEAM = G7D662VW43;
				INFOPLIST_FILE = ItemListTests/Info.plist;
				IPHONEOS_DEPLOYMENT_TARGET = 13.2;
				LD_RUNPATH_SEARCH_PATHS = (
					"$(inherited)",
					"@executable_path/Frameworks",
					"@loader_path/Frameworks",
				);
				PRODUCT_BUNDLE_IDENTIFIER = agustinoromo.ItemListTests;
				PRODUCT_NAME = "$(TARGET_NAME)";
				SWIFT_VERSION = 5.0;
				TARGETED_DEVICE_FAMILY = "1,2";
				TEST_HOST = "$(BUILT_PRODUCTS_DIR)/ItemList.app/ItemList";
			};
			name = Debug;
		};
		5D85BC48245123B70068F632 /* Release */ = {
			isa = XCBuildConfiguration;
			buildSettings = {
				ALWAYS_EMBED_SWIFT_STANDARD_LIBRARIES = YES;
				BUNDLE_LOADER = "$(TEST_HOST)";
				CODE_SIGN_STYLE = Automatic;
				DEVELOPMENT_TEAM = G7D662VW43;
				INFOPLIST_FILE = ItemListTests/Info.plist;
				IPHONEOS_DEPLOYMENT_TARGET = 13.2;
				LD_RUNPATH_SEARCH_PATHS = (
					"$(inherited)",
					"@executable_path/Frameworks",
					"@loader_path/Frameworks",
				);
				PRODUCT_BUNDLE_IDENTIFIER = agustinoromo.ItemListTests;
				PRODUCT_NAME = "$(TARGET_NAME)";
				SWIFT_VERSION = 5.0;
				TARGETED_DEVICE_FAMILY = "1,2";
				TEST_HOST = "$(BUILT_PRODUCTS_DIR)/ItemList.app/ItemList";
			};
			name = Release;
		};
		5D85BC4A245123B70068F632 /* Debug */ = {
			isa = XCBuildConfiguration;
			buildSettings = {
				ALWAYS_EMBED_SWIFT_STANDARD_LIBRARIES = YES;
				CODE_SIGN_STYLE = Automatic;
				DEVELOPMENT_TEAM = G7D662VW43;
				INFOPLIST_FILE = ItemListUITests/Info.plist;
				LD_RUNPATH_SEARCH_PATHS = (
					"$(inherited)",
					"@executable_path/Frameworks",
					"@loader_path/Frameworks",
				);
				PRODUCT_BUNDLE_IDENTIFIER = agustinoromo.ItemListUITests;
				PRODUCT_NAME = "$(TARGET_NAME)";
				SWIFT_VERSION = 5.0;
				TARGETED_DEVICE_FAMILY = "1,2";
				TEST_TARGET_NAME = ItemList;
			};
			name = Debug;
		};
		5D85BC4B245123B70068F632 /* Release */ = {
			isa = XCBuildConfiguration;
			buildSettings = {
				ALWAYS_EMBED_SWIFT_STANDARD_LIBRARIES = YES;
				CODE_SIGN_STYLE = Automatic;
				DEVELOPMENT_TEAM = G7D662VW43;
				INFOPLIST_FILE = ItemListUITests/Info.plist;
				LD_RUNPATH_SEARCH_PATHS = (
					"$(inherited)",
					"@executable_path/Frameworks",
					"@loader_path/Frameworks",
				);
				PRODUCT_BUNDLE_IDENTIFIER = agustinoromo.ItemListUITests;
				PRODUCT_NAME = "$(TARGET_NAME)";
				SWIFT_VERSION = 5.0;
				TARGETED_DEVICE_FAMILY = "1,2";
				TEST_TARGET_NAME = ItemList;
			};
			name = Release;
		};
/* End XCBuildConfiguration section */

/* Begin XCConfigurationList section */
		5D85BC14245123B60068F632 /* Build configuration list for PBXProject "ItemList" */ = {
			isa = XCConfigurationList;
			buildConfigurations = (
				5D85BC41245123B70068F632 /* Debug */,
				5D85BC42245123B70068F632 /* Release */,
			);
			defaultConfigurationIsVisible = 0;
			defaultConfigurationName = Release;
		};
		5D85BC43245123B70068F632 /* Build configuration list for PBXNativeTarget "ItemList" */ = {
			isa = XCConfigurationList;
			buildConfigurations = (
				5D85BC44245123B70068F632 /* Debug */,
				5D85BC45245123B70068F632 /* Release */,
			);
			defaultConfigurationIsVisible = 0;
			defaultConfigurationName = Release;
		};
		5D85BC46245123B70068F632 /* Build configuration list for PBXNativeTarget "ItemListTests" */ = {
			isa = XCConfigurationList;
			buildConfigurations = (
				5D85BC47245123B70068F632 /* Debug */,
				5D85BC48245123B70068F632 /* Release */,
			);
			defaultConfigurationIsVisible = 0;
			defaultConfigurationName = Release;
		};
		5D85BC49245123B70068F632 /* Build configuration list for PBXNativeTarget "ItemListUITests" */ = {
			isa = XCConfigurationList;
			buildConfigurations = (
				5D85BC4A245123B70068F632 /* Debug */,
				5D85BC4B245123B70068F632 /* Release */,
			);
			defaultConfigurationIsVisible = 0;
			defaultConfigurationName = Release;
		};
/* End XCConfigurationList section */
	};
	rootObject = 5D85BC11245123B60068F632 /* Project object */;
}
